
Microsoft Visual Studio Solution File, Format Version 12.00
# Visual Studio Version 16
VisualStudioVersion = 16.0.29613.14
MinimumVisualStudioVersion = 10.0.40219.1
Project("{9A19103F-16F7-4668-BE54-9A1E7A4F7556}") = "ControleFinanceiro.API", "ControleFinanceiro.API\ControleFinanceiro.API.csproj", "{B2BC33EC-FFF5-4D95-867D-CE3E6DBA881A}"
EndProject
Project("{FAE04EC0-301F-11D3-BF4B-00C04F79EFBC}") = "ControleFinanceiro.BLL", "..\ControleFinanceiro.BLL\ControleFinanceiro.BLL.csproj", "{9352FE62-6356-4339-8931-13C167BFED8C}"
EndProject
Project("{FAE04EC0-301F-11D3-BF4B-00C04F79EFBC}") = "ControleFinanceiro.DAL", "..\ControleFinanceiro.DAL\ControleFinanceiro.DAL.csproj", "{D52FD016-E91D-449E-8361-E2BDF3A88C20}"
EndProject
Global
	GlobalSection(SolutionConfigurationPlatforms) = preSolution
		Debug|Any CPU = Debug|Any CPU
		Release|Any CPU = Release|Any CPU
	EndGlobalSection
	GlobalSection(ProjectConfigurationPlatforms) = postSolution
		{B2BC33EC-FFF5-4D95-867D-CE3E6DBA881A}.Debug|Any CPU.ActiveCfg = Debug|Any CPU
		{B2BC33EC-FFF5-4D95-867D-CE3E6DBA881A}.Debug|Any CPU.Build.0 = Debug|Any CPU
		{B2BC33EC-FFF5-4D95-867D-CE3E6DBA881A}.Release|Any CPU.ActiveCfg = Release|Any CPU
		{B2BC33EC-FFF5-4D95-867D-CE3E6DBA881A}.Release|Any CPU.Build.0 = Release|Any CPU
		{9352FE62-6356-4339-8931-13C167BFED8C}.Debug|Any CPU.ActiveCfg = Debug|Any CPU
		{9352FE62-6356-4339-8931-13C167BFED8C}.Debug|Any CPU.Build.0 = Debug|Any CPU
		{9352FE62-6356-4339-8931-13C167BFED8C}.Release|Any CPU.ActiveCfg = Release|Any CPU
		{9352FE62-6356-4339-8931-13C167BFED8C}.Release|Any CPU.Build.0 = Release|Any CPU
		{D52FD016-E91D-449E-8361-E2BDF3A88C20}.Debug|Any CPU.ActiveCfg = Debug|Any CPU
		{D52FD016-E91D-449E-8361-E2BDF3A88C20}.Debug|Any CPU.Build.0 = Debug|Any CPU
		{D52FD016-E91D-449E-8361-E2BDF3A88C20}.Release|Any CPU.ActiveCfg = Release|Any CPU
		{D52FD016-E91D-449E-8361-E2BDF3A88C20}.Release|Any CPU.Build.0 = Release|Any CPU
	EndGlobalSection
	GlobalSection(SolutionProperties) = preSolution
		HideSolutionNode = FALSE
	EndGlobalSection
	GlobalSection(ExtensibilityGlobals) = postSolution
		SolutionGuid = {459A30CB-B1C0-4996-8D5E-55B57BFBFD18}
	EndGlobalSection
EndGlobal
